// !$*UTF8*$!
{
	archiveVersion = 1;
	classes = {
	};
	objectVersion = 46;
	objects = {

/* Begin PBXBuildFile section */
		5723C601199123C400B6087F /* AppDelegate.swift in Sources */ = {isa = PBXBuildFile; fileRef = 5723C600199123C400B6087F /* AppDelegate.swift */; };
		5723C604199123C400B6087F /* ClumsySwift.xcdatamodeld in Sources */ = {isa = PBXBuildFile; fileRef = 5723C602199123C400B6087F /* ClumsySwift.xcdatamodeld */; };
		5723C617199123C500B6087F /* ClumsySwiftTests.swift in Sources */ = {isa = PBXBuildFile; fileRef = 5723C616199123C500B6087F /* ClumsySwiftTests.swift */; };
		5723C62E1991257200B6087F /* ClumsyActions.swift in Sources */ = {isa = PBXBuildFile; fileRef = 5723C6201991257200B6087F /* ClumsyActions.swift */; };
		5723C62F1991257200B6087F /* ClumsyActionView.swift in Sources */ = {isa = PBXBuildFile; fileRef = 5723C6211991257200B6087F /* ClumsyActionView.swift */; };
		5723C6301991257200B6087F /* ClumsyEngine.swift in Sources */ = {isa = PBXBuildFile; fileRef = 5723C6221991257200B6087F /* ClumsyEngine.swift */; };
		5723C6311991257200B6087F /* ClumsyMainButton.swift in Sources */ = {isa = PBXBuildFile; fileRef = 5723C6231991257200B6087F /* ClumsyMainButton.swift */; };
		5723C6321991257200B6087F /* ClumsyMainView.swift in Sources */ = {isa = PBXBuildFile; fileRef = 5723C6241991257200B6087F /* ClumsyMainView.swift */; };
		5723C6331991257200B6087F /* ClumsyMainViewController.swift in Sources */ = {isa = PBXBuildFile; fileRef = 5723C6251991257200B6087F /* ClumsyMainViewController.swift */; };
		5723C6341991257200B6087F /* ClumsyOkButton.swift in Sources */ = {isa = PBXBuildFile; fileRef = 5723C6261991257200B6087F /* ClumsyOkButton.swift */; };
		5723C6351991257200B6087F /* ClumsyProgressBar.swift in Sources */ = {isa = PBXBuildFile; fileRef = 5723C6271991257200B6087F /* ClumsyProgressBar.swift */; };
		5723C6361991257200B6087F /* ClumsyScoreHandler.swift in Sources */ = {isa = PBXBuildFile; fileRef = 5723C6281991257200B6087F /* ClumsyScoreHandler.swift */; };
		5723C6371991257200B6087F /* ClumsyScoreView.swift in Sources */ = {isa = PBXBuildFile; fileRef = 5723C6291991257200B6087F /* ClumsyScoreView.swift */; };
		5723C6381991257200B6087F /* ClumsyShake.swift in Sources */ = {isa = PBXBuildFile; fileRef = 5723C62A1991257200B6087F /* ClumsyShake.swift */; };
		5723C6391991257200B6087F /* ClumsySocialButton.swift in Sources */ = {isa = PBXBuildFile; fileRef = 5723C62B1991257200B6087F /* ClumsySocialButton.swift */; };
		5723C63A1991257200B6087F /* ClumsySocialHandler.swift in Sources */ = {isa = PBXBuildFile; fileRef = 5723C62C1991257200B6087F /* ClumsySocialHandler.swift */; };
		5723C63B1991257200B6087F /* ClumsySwipeGestureRecognizer.swift in Sources */ = {isa = PBXBuildFile; fileRef = 5723C62D1991257200B6087F /* ClumsySwipeGestureRecognizer.swift */; };
		57447FE319C1A36B00026F2B /* Constants.swift in Sources */ = {isa = PBXBuildFile; fileRef = 57447FE219C1A36B00026F2B /* Constants.swift */; };
		5744800719C1C2DE00026F2B /* Images.xcassets in Resources */ = {isa = PBXBuildFile; fileRef = 5744800119C1B98400026F2B /* Images.xcassets */; };
		5744800819C1C2DF00026F2B /* Images.xcassets in Resources */ = {isa = PBXBuildFile; fileRef = 5744800119C1B98400026F2B /* Images.xcassets */; };
/* End PBXBuildFile section */

/* Begin PBXContainerItemProxy section */
		5723C611199123C500B6087F /* PBXContainerItemProxy */ = {
			isa = PBXContainerItemProxy;
			containerPortal = 5723C5F3199123C400B6087F /* Project object */;
			proxyType = 1;
			remoteGlobalIDString = 5723C5FA199123C400B6087F;
			remoteInfo = ClumsySwift;
		};
/* End PBXContainerItemProxy section */

/* Begin PBXFileReference section */
		5723C5FB199123C400B6087F /* Clumsy.app */ = {isa = PBXFileReference; explicitFileType = wrapper.application; includeInIndex = 0; path = Clumsy.app; sourceTree = BUILT_PRODUCTS_DIR; };
		5723C5FF199123C400B6087F /* Info.plist */ = {isa = PBXFileReference; lastKnownFileType = text.plist.xml; path = Info.plist; sourceTree = "<group>"; };
		5723C600199123C400B6087F /* AppDelegate.swift */ = {isa = PBXFileReference; lastKnownFileType = sourcecode.swift; path = AppDelegate.swift; sourceTree = "<group>"; };
		5723C603199123C400B6087F /* ClumsySwift.xcdatamodel */ = {isa = PBXFileReference; lastKnownFileType = wrapper.xcdatamodel; path = ClumsySwift.xcdatamodel; sourceTree = "<group>"; };
		5723C610199123C500B6087F /* ClumsyTests.xctest */ = {isa = PBXFileReference; explicitFileType = wrapper.cfbundle; includeInIndex = 0; path = ClumsyTests.xctest; sourceTree = BUILT_PRODUCTS_DIR; };
		5723C615199123C500B6087F /* Info.plist */ = {isa = PBXFileReference; lastKnownFileType = text.plist.xml; path = Info.plist; sourceTree = "<group>"; };
		5723C616199123C500B6087F /* ClumsySwiftTests.swift */ = {isa = PBXFileReference; lastKnownFileType = sourcecode.swift; path = ClumsySwiftTests.swift; sourceTree = "<group>"; };
		5723C6201991257200B6087F /* ClumsyActions.swift */ = {isa = PBXFileReference; fileEncoding = 4; lastKnownFileType = sourcecode.swift; path = ClumsyActions.swift; sourceTree = "<group>"; };
		5723C6211991257200B6087F /* ClumsyActionView.swift */ = {isa = PBXFileReference; fileEncoding = 4; lastKnownFileType = sourcecode.swift; path = ClumsyActionView.swift; sourceTree = "<group>"; };
		5723C6221991257200B6087F /* ClumsyEngine.swift */ = {isa = PBXFileReference; fileEncoding = 4; lastKnownFileType = sourcecode.swift; path = ClumsyEngine.swift; sourceTree = "<group>"; };
		5723C6231991257200B6087F /* ClumsyMainButton.swift */ = {isa = PBXFileReference; fileEncoding = 4; lastKnownFileType = sourcecode.swift; path = ClumsyMainButton.swift; sourceTree = "<group>"; };
		5723C6241991257200B6087F /* ClumsyMainView.swift */ = {isa = PBXFileReference; fileEncoding = 4; lastKnownFileType = sourcecode.swift; path = ClumsyMainView.swift; sourceTree = "<group>"; };
		5723C6251991257200B6087F /* ClumsyMainViewController.swift */ = {isa = PBXFileReference; fileEncoding = 4; lastKnownFileType = sourcecode.swift; path = ClumsyMainViewController.swift; sourceTree = "<group>"; };
		5723C6261991257200B6087F /* ClumsyOkButton.swift */ = {isa = PBXFileReference; fileEncoding = 4; lastKnownFileType = sourcecode.swift; path = ClumsyOkButton.swift; sourceTree = "<group>"; };
		5723C6271991257200B6087F /* ClumsyProgressBar.swift */ = {isa = PBXFileReference; fileEncoding = 4; lastKnownFileType = sourcecode.swift; path = ClumsyProgressBar.swift; sourceTree = "<group>"; };
		5723C6281991257200B6087F /* ClumsyScoreHandler.swift */ = {isa = PBXFileReference; fileEncoding = 4; lastKnownFileType = sourcecode.swift; path = ClumsyScoreHandler.swift; sourceTree = "<group>"; };
		5723C6291991257200B6087F /* ClumsyScoreView.swift */ = {isa = PBXFileReference; fileEncoding = 4; lastKnownFileType = sourcecode.swift; path = ClumsyScoreView.swift; sourceTree = "<group>"; };
		5723C62A1991257200B6087F /* ClumsyShake.swift */ = {isa = PBXFileReference; fileEncoding = 4; lastKnownFileType = sourcecode.swift; path = ClumsyShake.swift; sourceTree = "<group>"; };
		5723C62B1991257200B6087F /* ClumsySocialButton.swift */ = {isa = PBXFileReference; fileEncoding = 4; lastKnownFileType = sourcecode.swift; path = ClumsySocialButton.swift; sourceTree = "<group>"; };
		5723C62C1991257200B6087F /* ClumsySocialHandler.swift */ = {isa = PBXFileReference; fileEncoding = 4; lastKnownFileType = sourcecode.swift; path = ClumsySocialHandler.swift; sourceTree = "<group>"; };
		5723C62D1991257200B6087F /* ClumsySwipeGestureRecognizer.swift */ = {isa = PBXFileReference; fileEncoding = 4; lastKnownFileType = sourcecode.swift; path = ClumsySwipeGestureRecognizer.swift; sourceTree = "<group>"; };
		57447FE219C1A36B00026F2B /* Constants.swift */ = {isa = PBXFileReference; fileEncoding = 4; lastKnownFileType = sourcecode.swift; name = Constants.swift; path = ../Constants.swift; sourceTree = "<group>"; };
		5744800119C1B98400026F2B /* Images.xcassets */ = {isa = PBXFileReference; lastKnownFileType = folder.assetcatalog; path = Images.xcassets; sourceTree = "<group>"; };
/* End PBXFileReference section */

/* Begin PBXFrameworksBuildPhase section */
		5723C5F8199123C400B6087F /* Frameworks */ = {
			isa = PBXFrameworksBuildPhase;
			buildActionMask = 2147483647;
			files = (
			);
			runOnlyForDeploymentPostprocessing = 0;
		};
		5723C60D199123C500B6087F /* Frameworks */ = {
			isa = PBXFrameworksBuildPhase;
			buildActionMask = 2147483647;
			files = (
			);
			runOnlyForDeploymentPostprocessing = 0;
		};
/* End PBXFrameworksBuildPhase section */

/* Begin PBXGroup section */
		5723C5F2199123C400B6087F = {
			isa = PBXGroup;
			children = (
				5723C5FD199123C400B6087F /* ClumsySwift */,
				5723C613199123C500B6087F /* ClumsySwiftTests */,
				5723C5FC199123C400B6087F /* Products */,
			);
			sourceTree = "<group>";
		};
		5723C5FC199123C400B6087F /* Products */ = {
			isa = PBXGroup;
			children = (
				5723C5FB199123C400B6087F /* Clumsy.app */,
				5723C610199123C500B6087F /* ClumsyTests.xctest */,
			);
			name = Products;
			sourceTree = "<group>";
		};
		5723C5FD199123C400B6087F /* ClumsySwift */ = {
			isa = PBXGroup;
			children = (
				5723C600199123C400B6087F /* AppDelegate.swift */,
				57583F8E19912BF100B6ED85 /* MainViewController */,
				57583F9119912C3600B6ED85 /* Actions */,
				57583F9019912C1A00B6ED85 /* Models */,
				57583F8F19912C0500B6ED85 /* ScoreView */,
				57583F9319912C5200B6ED85 /* Social */,
				5723C5FE199123C400B6087F /* Supporting Files */,
			);
			path = ClumsySwift;
			sourceTree = "<group>";
		};
		5723C5FE199123C400B6087F /* Supporting Files */ = {
			isa = PBXGroup;
			children = (
				5723C602199123C400B6087F /* ClumsySwift.xcdatamodeld */,
				57447FE219C1A36B00026F2B /* Constants.swift */,
				5744800119C1B98400026F2B /* Images.xcassets */,
				5723C5FF199123C400B6087F /* Info.plist */,
			);
			name = "Supporting Files";
			sourceTree = "<group>";
		};
		5723C613199123C500B6087F /* ClumsySwiftTests */ = {
			isa = PBXGroup;
			children = (
				5723C616199123C500B6087F /* ClumsySwiftTests.swift */,
				5723C614199123C500B6087F /* Supporting Files */,
			);
			path = ClumsySwiftTests;
			sourceTree = "<group>";
		};
		5723C614199123C500B6087F /* Supporting Files */ = {
			isa = PBXGroup;
			children = (
				5723C615199123C500B6087F /* Info.plist */,
			);
			name = "Supporting Files";
			sourceTree = "<group>";
		};
		57583F8E19912BF100B6ED85 /* MainViewController */ = {
			isa = PBXGroup;
			children = (
				5723C6251991257200B6087F /* ClumsyMainViewController.swift */,
				5723C6211991257200B6087F /* ClumsyActionView.swift */,
				5723C6241991257200B6087F /* ClumsyMainView.swift */,
				5723C6271991257200B6087F /* ClumsyProgressBar.swift */,
			);
			name = MainViewController;
			sourceTree = "<group>";
		};
		57583F8F19912C0500B6ED85 /* ScoreView */ = {
			isa = PBXGroup;
			children = (
				5723C6261991257200B6087F /* ClumsyOkButton.swift */,
				5723C6291991257200B6087F /* ClumsyScoreView.swift */,
			);
			name = ScoreView;
			sourceTree = "<group>";
		};
		57583F9019912C1A00B6ED85 /* Models */ = {
			isa = PBXGroup;
			children = (
				5723C6221991257200B6087F /* ClumsyEngine.swift */,
				5723C6281991257200B6087F /* ClumsyScoreHandler.swift */,
			);
			name = Models;
			sourceTree = "<group>";
		};
		57583F9119912C3600B6ED85 /* Actions */ = {
			isa = PBXGroup;
			children = (
				5723C6201991257200B6087F /* ClumsyActions.swift */,
				5723C6231991257200B6087F /* ClumsyMainButton.swift */,
				5723C62A1991257200B6087F /* ClumsyShake.swift */,
				5723C62D1991257200B6087F /* ClumsySwipeGestureRecognizer.swift */,
			);
			name = Actions;
			sourceTree = "<group>";
		};
		57583F9319912C5200B6ED85 /* Social */ = {
			isa = PBXGroup;
			children = (
				5723C62B1991257200B6087F /* ClumsySocialButton.swift */,
				5723C62C1991257200B6087F /* ClumsySocialHandler.swift */,
			);
			name = Social;
			sourceTree = "<group>";
		};
/* End PBXGroup section */

/* Begin PBXNativeTarget section */
		5723C5FA199123C400B6087F /* Clumsy */ = {
			isa = PBXNativeTarget;
			buildConfigurationList = 5723C61A199123C500B6087F /* Build configuration list for PBXNativeTarget "Clumsy" */;
			buildPhases = (
				5723C5F7199123C400B6087F /* Sources */,
				5723C5F8199123C400B6087F /* Frameworks */,
				5723C5F9199123C400B6087F /* Resources */,
			);
			buildRules = (
			);
			dependencies = (
			);
			name = Clumsy;
			productName = ClumsySwift;
			productReference = 5723C5FB199123C400B6087F /* Clumsy.app */;
			productType = "com.apple.product-type.application";
		};
		5723C60F199123C500B6087F /* ClumsyTests */ = {
			isa = PBXNativeTarget;
			buildConfigurationList = 5723C61D199123C500B6087F /* Build configuration list for PBXNativeTarget "ClumsyTests" */;
			buildPhases = (
				5723C60C199123C500B6087F /* Sources */,
				5723C60D199123C500B6087F /* Frameworks */,
				5723C60E199123C500B6087F /* Resources */,
			);
			buildRules = (
			);
			dependencies = (
				5723C612199123C500B6087F /* PBXTargetDependency */,
			);
			name = ClumsyTests;
			productName = ClumsySwiftTests;
			productReference = 5723C610199123C500B6087F /* ClumsyTests.xctest */;
			productType = "com.apple.product-type.bundle.unit-test";
		};
/* End PBXNativeTarget section */

/* Begin PBXProject section */
		5723C5F3199123C400B6087F /* Project object */ = {
			isa = PBXProject;
			attributes = {
				LastUpgradeCheck = 0600;
				ORGANIZATIONNAME = "Victor Ursan";
				TargetAttributes = {
					5723C5FA199123C400B6087F = {
						CreatedOnToolsVersion = 6.0;
						DevelopmentTeam = 94TWQJ7GSF;
					};
					5723C60F199123C500B6087F = {
						CreatedOnToolsVersion = 6.0;
						TestTargetID = 5723C5FA199123C400B6087F;
					};
				};
			};
			buildConfigurationList = 5723C5F6199123C400B6087F /* Build configuration list for PBXProject "Clumsy" */;
			compatibilityVersion = "Xcode 3.2";
			developmentRegion = English;
			hasScannedForEncodings = 0;
			knownRegions = (
				en,
				Base,
			);
			mainGroup = 5723C5F2199123C400B6087F;
			productRefGroup = 5723C5FC199123C400B6087F /* Products */;
			projectDirPath = "";
			projectRoot = "";
			targets = (
				5723C5FA199123C400B6087F /* Clumsy */,
				5723C60F199123C500B6087F /* ClumsyTests */,
			);
		};
/* End PBXProject section */

/* Begin PBXResourcesBuildPhase section */
		5723C5F9199123C400B6087F /* Resources */ = {
			isa = PBXResourcesBuildPhase;
			buildActionMask = 2147483647;
			files = (
				5744800719C1C2DE00026F2B /* Images.xcassets in Resources */,
			);
			runOnlyForDeploymentPostprocessing = 0;
		};
		5723C60E199123C500B6087F /* Resources */ = {
			isa = PBXResourcesBuildPhase;
			buildActionMask = 2147483647;
			files = (
				5744800819C1C2DF00026F2B /* Images.xcassets in Resources */,
			);
			runOnlyForDeploymentPostprocessing = 0;
		};
/* End PBXResourcesBuildPhase section */

/* Begin PBXSourcesBuildPhase section */
		5723C5F7199123C400B6087F /* Sources */ = {
			isa = PBXSourcesBuildPhase;
			buildActionMask = 2147483647;
			files = (
				5723C6371991257200B6087F /* ClumsyScoreView.swift in Sources */,
				57447FE319C1A36B00026F2B /* Constants.swift in Sources */,
				5723C6391991257200B6087F /* ClumsySocialButton.swift in Sources */,
				5723C6361991257200B6087F /* ClumsyScoreHandler.swift in Sources */,
				5723C62E1991257200B6087F /* ClumsyActions.swift in Sources */,
				5723C6321991257200B6087F /* ClumsyMainView.swift in Sources */,
				5723C6331991257200B6087F /* ClumsyMainViewController.swift in Sources */,
				5723C6341991257200B6087F /* ClumsyOkButton.swift in Sources */,
				5723C6381991257200B6087F /* ClumsyShake.swift in Sources */,
				5723C6311991257200B6087F /* ClumsyMainButton.swift in Sources */,
				5723C604199123C400B6087F /* ClumsySwift.xcdatamodeld in Sources */,
				5723C601199123C400B6087F /* AppDelegate.swift in Sources */,
				5723C6301991257200B6087F /* ClumsyEngine.swift in Sources */,
				5723C62F1991257200B6087F /* ClumsyActionView.swift in Sources */,
				5723C63B1991257200B6087F /* ClumsySwipeGestureRecognizer.swift in Sources */,
				5723C6351991257200B6087F /* ClumsyProgressBar.swift in Sources */,
				5723C63A1991257200B6087F /* ClumsySocialHandler.swift in Sources */,
			);
			runOnlyForDeploymentPostprocessing = 0;
		};
		5723C60C199123C500B6087F /* Sources */ = {
			isa = PBXSourcesBuildPhase;
			buildActionMask = 2147483647;
			files = (
				5723C617199123C500B6087F /* ClumsySwiftTests.swift in Sources */,
			);
			runOnlyForDeploymentPostprocessing = 0;
		};
/* End PBXSourcesBuildPhase section */

/* Begin PBXTargetDependency section */
		5723C612199123C500B6087F /* PBXTargetDependency */ = {
			isa = PBXTargetDependency;
			target = 5723C5FA199123C400B6087F /* Clumsy */;
			targetProxy = 5723C611199123C500B6087F /* PBXContainerItemProxy */;
		};
/* End PBXTargetDependency section */

/* Begin XCBuildConfiguration section */
		5723C618199123C500B6087F /* Debug */ = {
			isa = XCBuildConfiguration;
			buildSettings = {
				ALWAYS_SEARCH_USER_PATHS = NO;
				CLANG_CXX_LANGUAGE_STANDARD = "gnu++0x";
				CLANG_CXX_LIBRARY = "libc++";
				CLANG_ENABLE_MODULES = YES;
				CLANG_ENABLE_OBJC_ARC = YES;
				CLANG_WARN_BOOL_CONVERSION = YES;
				CLANG_WARN_CONSTANT_CONVERSION = YES;
				CLANG_WARN_DIRECT_OBJC_ISA_USAGE = YES_ERROR;
				CLANG_WARN_EMPTY_BODY = YES;
				CLANG_WARN_ENUM_CONVERSION = YES;
				CLANG_WARN_INT_CONVERSION = YES;
				CLANG_WARN_OBJC_ROOT_CLASS = YES_ERROR;
				CLANG_WARN_UNREACHABLE_CODE = YES;
				CLANG_WARN__DUPLICATE_METHOD_MATCH = YES;
				"CODE_SIGN_IDENTITY[sdk=iphoneos*]" = "iPhone Developer";
				COPY_PHASE_STRIP = NO;
				ENABLE_STRICT_OBJC_MSGSEND = YES;
				GCC_C_LANGUAGE_STANDARD = gnu99;
				GCC_DYNAMIC_NO_PIC = NO;
				GCC_OPTIMIZATION_LEVEL = 0;
				GCC_PREPROCESSOR_DEFINITIONS = (
					"DEBUG=1",
					"$(inherited)",
				);
				GCC_SYMBOLS_PRIVATE_EXTERN = NO;
				GCC_WARN_64_TO_32_BIT_CONVERSION = YES;
				GCC_WARN_ABOUT_RETURN_TYPE = YES_ERROR;
				GCC_WARN_UNDECLARED_SELECTOR = YES;
				GCC_WARN_UNINITIALIZED_AUTOS = YES_AGGRESSIVE;
				GCC_WARN_UNUSED_FUNCTION = YES;
				GCC_WARN_UNUSED_VARIABLE = YES;
				IPHONEOS_DEPLOYMENT_TARGET = 7.0;
				MTL_ENABLE_DEBUG_INFO = YES;
				ONLY_ACTIVE_ARCH = YES;
				SDKROOT = iphoneos;
				SWIFT_OPTIMIZATION_LEVEL = "-Onone";
				TARGETED_DEVICE_FAMILY = "1,2";
			};
			name = Debug;
		};
		5723C619199123C500B6087F /* Release */ = {
			isa = XCBuildConfiguration;
			buildSettings = {
				ALWAYS_SEARCH_USER_PATHS = NO;
				CLANG_CXX_LANGUAGE_STANDARD = "gnu++0x";
				CLANG_CXX_LIBRARY = "libc++";
				CLANG_ENABLE_MODULES = YES;
				CLANG_ENABLE_OBJC_ARC = YES;
				CLANG_WARN_BOOL_CONVERSION = YES;
				CLANG_WARN_CONSTANT_CONVERSION = YES;
				CLANG_WARN_DIRECT_OBJC_ISA_USAGE = YES_ERROR;
				CLANG_WARN_EMPTY_BODY = YES;
				CLANG_WARN_ENUM_CONVERSION = YES;
				CLANG_WARN_INT_CONVERSION = YES;
				CLANG_WARN_OBJC_ROOT_CLASS = YES_ERROR;
				CLANG_WARN_UNREACHABLE_CODE = YES;
				CLANG_WARN__DUPLICATE_METHOD_MATCH = YES;
				"CODE_SIGN_IDENTITY[sdk=iphoneos*]" = "iPhone Developer";
				COPY_PHASE_STRIP = YES;
				ENABLE_NS_ASSERTIONS = NO;
				ENABLE_STRICT_OBJC_MSGSEND = YES;
				GCC_C_LANGUAGE_STANDARD = gnu99;
				GCC_WARN_64_TO_32_BIT_CONVERSION = YES;
				GCC_WARN_ABOUT_RETURN_TYPE = YES_ERROR;
				GCC_WARN_UNDECLARED_SELECTOR = YES;
				GCC_WARN_UNINITIALIZED_AUTOS = YES_AGGRESSIVE;
				GCC_WARN_UNUSED_FUNCTION = YES;
				GCC_WARN_UNUSED_VARIABLE = YES;
				IPHONEOS_DEPLOYMENT_TARGET = 7.0;
				MTL_ENABLE_DEBUG_INFO = NO;
				SDKROOT = iphoneos;
				TARGETED_DEVICE_FAMILY = "1,2";
				VALIDATE_PRODUCT = YES;
			};
			name = Release;
		};
		5723C61B199123C500B6087F /* Debug */ = {
			isa = XCBuildConfiguration;
			buildSettings = {
				ASSETCATALOG_COMPILER_APPICON_NAME = AppIcon;
				ASSETCATALOG_COMPILER_LAUNCHIMAGE_NAME = LaunchImage;
				CODE_SIGN_IDENTITY = "iPhone Developer";
				"CODE_SIGN_IDENTITY[sdk=iphoneos*]" = "iPhone Developer";
				INFOPLIST_FILE = ClumsySwift/Info.plist;
				IPHONEOS_DEPLOYMENT_TARGET = 7.0;
				LD_RUNPATH_SEARCH_PATHS = "$(inherited) @executable_path/Frameworks";
				PRODUCT_NAME = Clumsy;
				PROVISIONING_PROFILE = "";
			};
			name = Debug;
		};
		5723C61C199123C500B6087F /* Release */ = {
			isa = XCBuildConfiguration;
			buildSettings = {
				ASSETCATALOG_COMPILER_APPICON_NAME = AppIcon;
				ASSETCATALOG_COMPILER_LAUNCHIMAGE_NAME = LaunchImage;
				CODE_SIGN_IDENTITY = "iPhone Developer";
				"CODE_SIGN_IDENTITY[sdk=iphoneos*]" = "iPhone Developer";
				INFOPLIST_FILE = ClumsySwift/Info.plist;
				IPHONEOS_DEPLOYMENT_TARGET = 7.0;
				LD_RUNPATH_SEARCH_PATHS = "$(inherited) @executable_path/Frameworks";
				PRODUCT_NAME = Clumsy;
				PROVISIONING_PROFILE = "";
			};
			name = Release;
		};
		5723C61E199123C500B6087F /* Debug */ = {
			isa = XCBuildConfiguration;
			buildSettings = {
				BUNDLE_LOADER = "$(TEST_HOST)";
				FRAMEWORK_SEARCH_PATHS = (
					"$(SDKROOT)/Developer/Library/Frameworks",
					"$(inherited)",
				);
				GCC_PREPROCESSOR_DEFINITIONS = (
					"DEBUG=1",
					"$(inherited)",
				);
				INFOPLIST_FILE = ClumsySwiftTests/Info.plist;
				LD_RUNPATH_SEARCH_PATHS = "$(inherited) @executable_path/Frameworks @loader_path/Frameworks";
				PRODUCT_NAME = ClumsyTests;
				TEST_HOST = "$(BUILT_PRODUCTS_DIR)/Clumsy.app/Clumsy";
			};
			name = Debug;
		};
		5723C61F199123C500B6087F /* Release */ = {
			isa = XCBuildConfiguration;
			buildSettings = {
				BUNDLE_LOADER = "$(TEST_HOST)";
				FRAMEWORK_SEARCH_PATHS = (
					"$(SDKROOT)/Developer/Library/Frameworks",
					"$(inherited)",
				);
				INFOPLIST_FILE = ClumsySwiftTests/Info.plist;
				LD_RUNPATH_SEARCH_PATHS = "$(inherited) @executable_path/Frameworks @loader_path/Frameworks";
				PRODUCT_NAME = ClumsyTests;
				TEST_HOST = "$(BUILT_PRODUCTS_DIR)/Clumsy.app/Clumsy";
			};
			name = Release;
		};
/* End XCBuildConfiguration section */

/* Begin XCConfigurationList section */
		5723C5F6199123C400B6087F /* Build configuration list for PBXProject "Clumsy" */ = {
			isa = XCConfigurationList;
			buildConfigurations = (
				5723C618199123C500B6087F /* Debug */,
				5723C619199123C500B6087F /* Release */,
			);
			defaultConfigurationIsVisible = 0;
			defaultConfigurationName = Release;
		};
		5723C61A199123C500B6087F /* Build configuration list for PBXNativeTarget "Clumsy" */ = {
			isa = XCConfigurationList;
			buildConfigurations = (
				5723C61B199123C500B6087F /* Debug */,
				5723C61C199123C500B6087F /* Release */,
			);
			defaultConfigurationIsVisible = 0;
			defaultConfigurationName = Release;
		};
		5723C61D199123C500B6087F /* Build configuration list for PBXNativeTarget "ClumsyTests" */ = {
			isa = XCConfigurationList;
			buildConfigurations = (
				5723C61E199123C500B6087F /* Debug */,
				5723C61F199123C500B6087F /* Release */,
			);
			defaultConfigurationIsVisible = 0;
			defaultConfigurationName = Release;
		};
/* End XCConfigurationList section */

/* Begin XCVersionGroup section */
		5723C602199123C400B6087F /* ClumsySwift.xcdatamodeld */ = {
			isa = XCVersionGroup;
			children = (
				5723C603199123C400B6087F /* ClumsySwift.xcdatamodel */,
			);
			currentVersion = 5723C603199123C400B6087F /* ClumsySwift.xcdatamodel */;
			path = ClumsySwift.xcdatamodeld;
			sourceTree = "<group>";
			versionGroupType = wrapper.xcdatamodel;
		};
/* End XCVersionGroup section */
	};
	rootObject = 5723C5F3199123C400B6087F /* Project object */;
}
