// !$*UTF8*$!
{
	archiveVersion = 1;
	classes = {
	};
	objectVersion = 46;
	objects = {

/* Begin PBXBuildFile section */
		5723C601199123C400B6087F /* AppDelegate.swift in Sources */ = {isa = PBXBuildFile; fileRef = 5723C600199123C400B6087F /* AppDelegate.swift */; };
		5723C604199123C400B6087F /* ClumsySwift.xcdatamodeld in Sources */ = {isa = PBXBuildFile; fileRef = 5723C602199123C400B6087F /* ClumsySwift.xcdatamodeld */; };
		5723C606199123C400B6087F /* ViewController.swift in Sources */ = {isa = PBXBuildFile; fileRef = 5723C605199123C400B6087F /* ViewController.swift */; };
		5723C609199123C500B6087F /* Main.storyboard in Resources */ = {isa = PBXBuildFile; fileRef = 5723C607199123C400B6087F /* Main.storyboard */; };
		5723C60B199123C500B6087F /* Images.xcassets in Resources */ = {isa = PBXBuildFile; fileRef = 5723C60A199123C500B6087F /* Images.xcassets */; };
		5723C617199123C500B6087F /* ClumsySwiftTests.swift in Sources */ = {isa = PBXBuildFile; fileRef = 5723C616199123C500B6087F /* ClumsySwiftTests.swift */; };
/* End PBXBuildFile section */

/* Begin PBXContainerItemProxy section */
		5723C611199123C500B6087F /* PBXContainerItemProxy */ = {
			isa = PBXContainerItemProxy;
			containerPortal = 5723C5F3199123C400B6087F /* Project object */;
			proxyType = 1;
			remoteGlobalIDString = 5723C5FA199123C400B6087F;
			remoteInfo = ClumsySwift;
		};
/* End PBXContainerItemProxy section */

/* Begin PBXFileReference section */
		5723C5FB199123C400B6087F /* ClumsySwift.app */ = {isa = PBXFileReference; explicitFileType = wrapper.application; includeInIndex = 0; path = ClumsySwift.app; sourceTree = BUILT_PRODUCTS_DIR; };
		5723C5FF199123C400B6087F /* Info.plist */ = {isa = PBXFileReference; lastKnownFileType = text.plist.xml; path = Info.plist; sourceTree = "<group>"; };
		5723C600199123C400B6087F /* AppDelegate.swift */ = {isa = PBXFileReference; lastKnownFileType = sourcecode.swift; path = AppDelegate.swift; sourceTree = "<group>"; };
		5723C603199123C400B6087F /* ClumsySwift.xcdatamodel */ = {isa = PBXFileReference; lastKnownFileType = wrapper.xcdatamodel; path = ClumsySwift.xcdatamodel; sourceTree = "<group>"; };
		5723C605199123C400B6087F /* ViewController.swift */ = {isa = PBXFileReference; lastKnownFileType = sourcecode.swift; path = ViewController.swift; sourceTree = "<group>"; };
		5723C608199123C500B6087F /* Base */ = {isa = PBXFileReference; lastKnownFileType = file.storyboard; name = Base; path = Base.lproj/Main.storyboard; sourceTree = "<group>"; };
		5723C60A199123C500B6087F /* Images.xcassets */ = {isa = PBXFileReference; lastKnownFileType = folder.assetcatalog; path = Images.xcassets; sourceTree = "<group>"; };
		5723C610199123C500B6087F /* ClumsySwiftTests.xctest */ = {isa = PBXFileReference; explicitFileType = wrapper.cfbundle; includeInIndex = 0; path = ClumsySwiftTests.xctest; sourceTree = BUILT_PRODUCTS_DIR; };
		5723C615199123C500B6087F /* Info.plist */ = {isa = PBXFileReference; lastKnownFileType = text.plist.xml; path = Info.plist; sourceTree = "<group>"; };
		5723C616199123C500B6087F /* ClumsySwiftTests.swift */ = {isa = PBXFileReference; lastKnownFileType = sourcecode.swift; path = ClumsySwiftTests.swift; sourceTree = "<group>"; };
/* End PBXFileReference section */

/* Begin PBXFrameworksBuildPhase section */
		5723C5F8199123C400B6087F /* Frameworks */ = {
			isa = PBXFrameworksBuildPhase;
			buildActionMask = 2147483647;
			files = (
			);
			runOnlyForDeploymentPostprocessing = 0;
		};
		5723C60D199123C500B6087F /* Frameworks */ = {
			isa = PBXFrameworksBuildPhase;
			buildActionMask = 2147483647;
			files = (
			);
			runOnlyForDeploymentPostprocessing = 0;
		};
/* End PBXFrameworksBuildPhase section */

/* Begin PBXGroup section */
		5723C5F2199123C400B6087F = {
			isa = PBXGroup;
			children = (
				5723C5FD199123C400B6087F /* ClumsySwift */,
				5723C613199123C500B6087F /* ClumsySwiftTests */,
				5723C5FC199123C400B6087F /* Products */,
			);
			sourceTree = "<group>";
		};
		5723C5FC199123C400B6087F /* Products */ = {
			isa = PBXGroup;
			children = (
				5723C5FB199123C400B6087F /* ClumsySwift.app */,
				5723C610199123C500B6087F /* ClumsySwiftTests.xctest */,
			);
			name = Products;
			sourceTree = "<group>";
		};
		5723C5FD199123C400B6087F /* ClumsySwift */ = {
			isa = PBXGroup;
			children = (
				5723C600199123C400B6087F /* AppDelegate.swift */,
				5723C605199123C400B6087F /* ViewController.swift */,
				5723C607199123C400B6087F /* Main.storyboard */,
				5723C60A199123C500B6087F /* Images.xcassets */,
				5723C602199123C400B6087F /* ClumsySwift.xcdatamodeld */,
				5723C5FE199123C400B6087F /* Supporting Files */,
			);
			path = ClumsySwift;
			sourceTree = "<group>";
		};
		5723C5FE199123C400B6087F /* Supporting Files */ = {
			isa = PBXGroup;
			children = (
				5723C5FF199123C400B6087F /* Info.plist */,
			);
			name = "Supporting Files";
			sourceTree = "<group>";
		};
		5723C613199123C500B6087F /* ClumsySwiftTests */ = {
			isa = PBXGroup;
			children = (
				5723C616199123C500B6087F /* ClumsySwiftTests.swift */,
				5723C614199123C500B6087F /* Supporting Files */,
			);
			path = ClumsySwiftTests;
			sourceTree = "<group>";
		};
		5723C614199123C500B6087F /* Supporting Files */ = {
			isa = PBXGroup;
			children = (
				5723C615199123C500B6087F /* Info.plist */,
			);
			name = "Supporting Files";
			sourceTree = "<group>";
		};
/* End PBXGroup section */

/* Begin PBXNativeTarget section */
		5723C5FA199123C400B6087F /* ClumsySwift */ = {
			isa = PBXNativeTarget;
			buildConfigurationList = 5723C61A199123C500B6087F /* Build configuration list for PBXNativeTarget "ClumsySwift" */;
			buildPhases = (
				5723C5F7199123C400B6087F /* Sources */,
				5723C5F8199123C400B6087F /* Frameworks */,
				5723C5F9199123C400B6087F /* Resources */,
			);
			buildRules = (
			);
			dependencies = (
			);
			name = ClumsySwift;
			productName = ClumsySwift;
			productReference = 5723C5FB199123C400B6087F /* ClumsySwift.app */;
			productType = "com.apple.product-type.application";
		};
		5723C60F199123C500B6087F /* ClumsySwiftTests */ = {
			isa = PBXNativeTarget;
			buildConfigurationList = 5723C61D199123C500B6087F /* Build configuration list for PBXNativeTarget "ClumsySwiftTests" */;
			buildPhases = (
				5723C60C199123C500B6087F /* Sources */,
				5723C60D199123C500B6087F /* Frameworks */,
				5723C60E199123C500B6087F /* Resources */,
			);
			buildRules = (
			);
			dependencies = (
				5723C612199123C500B6087F /* PBXTargetDependency */,
			);
			name = ClumsySwiftTests;
			productName = ClumsySwiftTests;
			productReference = 5723C610199123C500B6087F /* ClumsySwiftTests.xctest */;
			productType = "com.apple.product-type.bundle.unit-test";
		};
/* End PBXNativeTarget section */

/* Begin PBXProject section */
		5723C5F3199123C400B6087F /* Project object */ = {
			isa = PBXProject;
			attributes = {
				LastUpgradeCheck = 0600;
				ORGANIZATIONNAME = "Victor Ursan";
				TargetAttributes = {
					5723C5FA199123C400B6087F = {
						CreatedOnToolsVersion = 6.0;
					};
					5723C60F199123C500B6087F = {
						CreatedOnToolsVersion = 6.0;
						TestTargetID = 5723C5FA199123C400B6087F;
					};
				};
			};
			buildConfigurationList = 5723C5F6199123C400B6087F /* Build configuration list for PBXProject "ClumsySwift" */;
			compatibilityVersion = "Xcode 3.2";
			developmentRegion = English;
			hasScannedForEncodings = 0;
			knownRegions = (
				en,
				Base,
			);
			mainGroup = 5723C5F2199123C400B6087F;
			productRefGroup = 5723C5FC199123C400B6087F /* Products */;
			projectDirPath = "";
			projectRoot = "";
			targets = (
				5723C5FA199123C400B6087F /* ClumsySwift */,
				5723C60F199123C500B6087F /* ClumsySwiftTests */,
			);
		};
/* End PBXProject section */

/* Begin PBXResourcesBuildPhase section */
		5723C5F9199123C400B6087F /* Resources */ = {
			isa = PBXResourcesBuildPhase;
			buildActionMask = 2147483647;
			files = (
				5723C609199123C500B6087F /* Main.storyboard in Resources */,
				5723C60B199123C500B6087F /* Images.xcassets in Resources */,
			);
			runOnlyForDeploymentPostprocessing = 0;
		};
		5723C60E199123C500B6087F /* Resources */ = {
			isa = PBXResourcesBuildPhase;
			buildActionMask = 2147483647;
			files = (
			);
			runOnlyForDeploymentPostprocessing = 0;
		};
/* End PBXResourcesBuildPhase section */

/* Begin PBXSourcesBuildPhase section */
		5723C5F7199123C400B6087F /* Sources */ = {
			isa = PBXSourcesBuildPhase;
			buildActionMask = 2147483647;
			files = (
				5723C606199123C400B6087F /* ViewController.swift in Sources */,
				5723C604199123C400B6087F /* ClumsySwift.xcdatamodeld in Sources */,
				5723C601199123C400B6087F /* AppDelegate.swift in Sources */,
			);
			runOnlyForDeploymentPostprocessing = 0;
		};
		5723C60C199123C500B6087F /* Sources */ = {
			isa = PBXSourcesBuildPhase;
			buildActionMask = 2147483647;
			files = (
				5723C617199123C500B6087F /* ClumsySwiftTests.swift in Sources */,
			);
			runOnlyForDeploymentPostprocessing = 0;
		};
/* End PBXSourcesBuildPhase section */

/* Begin PBXTargetDependency section */
		5723C612199123C500B6087F /* PBXTargetDependency */ = {
			isa = PBXTargetDependency;
			target = 5723C5FA199123C400B6087F /* ClumsySwift */;
			targetProxy = 5723C611199123C500B6087F /* PBXContainerItemProxy */;
		};
/* End PBXTargetDependency section */

/* Begin PBXVariantGroup section */
		5723C607199123C400B6087F /* Main.storyboard */ = {
			isa = PBXVariantGroup;
			children = (
				5723C608199123C500B6087F /* Base */,
			);
			name = Main.storyboard;
			sourceTree = "<group>";
		};
/* End PBXVariantGroup section */

/* Begin XCBuildConfiguration section */
		5723C618199123C500B6087F /* Debug */ = {
			isa = XCBuildConfiguration;
			buildSettings = {
				ALWAYS_SEARCH_USER_PATHS = NO;
				CLANG_CXX_LANGUAGE_STANDARD = "gnu++0x";
				CLANG_CXX_LIBRARY = "libc++";
				CLANG_ENABLE_MODULES = YES;
				CLANG_ENABLE_OBJC_ARC = YES;
				CLANG_WARN_BOOL_CONVERSION = YES;
				CLANG_WARN_CONSTANT_CONVERSION = YES;
				CLANG_WARN_DIRECT_OBJC_ISA_USAGE = YES_ERROR;
				CLANG_WARN_EMPTY_BODY = YES;
				CLANG_WARN_ENUM_CONVERSION = YES;
				CLANG_WARN_INT_CONVERSION = YES;
				CLANG_WARN_OBJC_ROOT_CLASS = YES_ERROR;
				CLANG_WARN_UNREACHABLE_CODE = YES;
				CLANG_WARN__DUPLICATE_METHOD_MATCH = YES;
				"CODE_SIGN_IDENTITY[sdk=iphoneos*]" = "iPhone Developer";
				COPY_PHASE_STRIP = NO;
				ENABLE_STRICT_OBJC_MSGSEND = YES;
				GCC_C_LANGUAGE_STANDARD = gnu99;
				GCC_DYNAMIC_NO_PIC = NO;
				GCC_OPTIMIZATION_LEVEL = 0;
				GCC_PREPROCESSOR_DEFINITIONS = (
					"DEBUG=1",
					"$(inherited)",
				);
				GCC_SYMBOLS_PRIVATE_EXTERN = NO;
				GCC_WARN_64_TO_32_BIT_CONVERSION = YES;
				GCC_WARN_ABOUT_RETURN_TYPE = YES_ERROR;
				GCC_WARN_UNDECLARED_SELECTOR = YES;
				GCC_WARN_UNINITIALIZED_AUTOS = YES_AGGRESSIVE;
				GCC_WARN_UNUSED_FUNCTION = YES;
				GCC_WARN_UNUSED_VARIABLE = YES;
				IPHONEOS_DEPLOYMENT_TARGET = 8.0;
				MTL_ENABLE_DEBUG_INFO = YES;
				ONLY_ACTIVE_ARCH = YES;
				SDKROOT = iphoneos;
				SWIFT_OPTIMIZATION_LEVEL = "-Onone";
				TARGETED_DEVICE_FAMILY = "1,2";
			};
			name = Debug;
		};
		5723C619199123C500B6087F /* Release */ = {
			isa = XCBuildConfiguration;
			buildSettings = {
				ALWAYS_SEARCH_USER_PATHS = NO;
				CLANG_CXX_LANGUAGE_STANDARD = "gnu++0x";
				CLANG_CXX_LIBRARY = "libc++";
				CLANG_ENABLE_MODULES = YES;
				CLANG_ENABLE_OBJC_ARC = YES;
				CLANG_WARN_BOOL_CONVERSION = YES;
				CLANG_WARN_CONSTANT_CONVERSION = YES;
				CLANG_WARN_DIRECT_OBJC_ISA_USAGE = YES_ERROR;
				CLANG_WARN_EMPTY_BODY = YES;
				CLANG_WARN_ENUM_CONVERSION = YES;
				CLANG_WARN_INT_CONVERSION = YES;
				CLANG_WARN_OBJC_ROOT_CLASS = YES_ERROR;
				CLANG_WARN_UNREACHABLE_CODE = YES;
				CLANG_WARN__DUPLICATE_METHOD_MATCH = YES;
				"CODE_SIGN_IDENTITY[sdk=iphoneos*]" = "iPhone Developer";
				COPY_PHASE_STRIP = YES;
				ENABLE_NS_ASSERTIONS = NO;
				ENABLE_STRICT_OBJC_MSGSEND = YES;
				GCC_C_LANGUAGE_STANDARD = gnu99;
				GCC_WARN_64_TO_32_BIT_CONVERSION = YES;
				GCC_WARN_ABOUT_RETURN_TYPE = YES_ERROR;
				GCC_WARN_UNDECLARED_SELECTOR = YES;
				GCC_WARN_UNINITIALIZED_AUTOS = YES_AGGRESSIVE;
				GCC_WARN_UNUSED_FUNCTION = YES;
				GCC_WARN_UNUSED_VARIABLE = YES;
				IPHONEOS_DEPLOYMENT_TARGET = 8.0;
				MTL_ENABLE_DEBUG_INFO = NO;
				SDKROOT = iphoneos;
				TARGETED_DEVICE_FAMILY = "1,2";
				VALIDATE_PRODUCT = YES;
			};
			name = Release;
		};
		5723C61B199123C500B6087F /* Debug */ = {
			isa = XCBuildConfiguration;
			buildSettings = {
				ASSETCATALOG_COMPILER_APPICON_NAME = AppIcon;
				ASSETCATALOG_COMPILER_LAUNCHIMAGE_NAME = LaunchImage;
				INFOPLIST_FILE = ClumsySwift/Info.plist;
				LD_RUNPATH_SEARCH_PATHS = "$(inherited) @executable_path/Frameworks";
				PRODUCT_NAME = "$(TARGET_NAME)";
			};
			name = Debug;
		};
		5723C61C199123C500B6087F /* Release */ = {
			isa = XCBuildConfiguration;
			buildSettings = {
				ASSETCATALOG_COMPILER_APPICON_NAME = AppIcon;
				ASSETCATALOG_COMPILER_LAUNCHIMAGE_NAME = LaunchImage;
				INFOPLIST_FILE = ClumsySwift/Info.plist;
				LD_RUNPATH_SEARCH_PATHS = "$(inherited) @executable_path/Frameworks";
				PRODUCT_NAME = "$(TARGET_NAME)";
			};
			name = Release;
		};
		5723C61E199123C500B6087F /* Debug */ = {
			isa = XCBuildConfiguration;
			buildSettings = {
				BUNDLE_LOADER = "$(TEST_HOST)";
				FRAMEWORK_SEARCH_PATHS = (
					"$(SDKROOT)/Developer/Library/Frameworks",
					"$(inherited)",
				);
				GCC_PREPROCESSOR_DEFINITIONS = (
					"DEBUG=1",
					"$(inherited)",
				);
				INFOPLIST_FILE = ClumsySwiftTests/Info.plist;
				LD_RUNPATH_SEARCH_PATHS = "$(inherited) @executable_path/Frameworks @loader_path/Frameworks";
				PRODUCT_NAME = "$(TARGET_NAME)";
				TEST_HOST = "$(BUILT_PRODUCTS_DIR)/ClumsySwift.app/ClumsySwift";
			};
			name = Debug;
		};
		5723C61F199123C500B6087F /* Release */ = {
			isa = XCBuildConfiguration;
			buildSettings = {
				BUNDLE_LOADER = "$(TEST_HOST)";
				FRAMEWORK_SEARCH_PATHS = (
					"$(SDKROOT)/Developer/Library/Frameworks",
					"$(inherited)",
				);
				INFOPLIST_FILE = ClumsySwiftTests/Info.plist;
				LD_RUNPATH_SEARCH_PATHS = "$(inherited) @executable_path/Frameworks @loader_path/Frameworks";
				PRODUCT_NAME = "$(TARGET_NAME)";
				TEST_HOST = "$(BUILT_PRODUCTS_DIR)/ClumsySwift.app/ClumsySwift";
			};
			name = Release;
		};
/* End XCBuildConfiguration section */

/* Begin XCConfigurationList section */
		5723C5F6199123C400B6087F /* Build configuration list for PBXProject "ClumsySwift" */ = {
			isa = XCConfigurationList;
			buildConfigurations = (
				5723C618199123C500B6087F /* Debug */,
				5723C619199123C500B6087F /* Release */,
			);
			defaultConfigurationIsVisible = 0;
			defaultConfigurationName = Release;
		};
		5723C61A199123C500B6087F /* Build configuration list for PBXNativeTarget "ClumsySwift" */ = {
			isa = XCConfigurationList;
			buildConfigurations = (
				5723C61B199123C500B6087F /* Debug */,
				5723C61C199123C500B6087F /* Release */,
			);
			defaultConfigurationIsVisible = 0;
		};
		5723C61D199123C500B6087F /* Build configuration list for PBXNativeTarget "ClumsySwiftTests" */ = {
			isa = XCConfigurationList;
			buildConfigurations = (
				5723C61E199123C500B6087F /* Debug */,
				5723C61F199123C500B6087F /* Release */,
			);
			defaultConfigurationIsVisible = 0;
		};
/* End XCConfigurationList section */

/* Begin XCVersionGroup section */
		5723C602199123C400B6087F /* ClumsySwift.xcdatamodeld */ = {
			isa = XCVersionGroup;
			children = (
				5723C603199123C400B6087F /* ClumsySwift.xcdatamodel */,
			);
			currentVersion = 5723C603199123C400B6087F /* ClumsySwift.xcdatamodel */;
			path = ClumsySwift.xcdatamodeld;
			sourceTree = "<group>";
			versionGroupType = wrapper.xcdatamodel;
		};
/* End XCVersionGroup section */
	};
	rootObject = 5723C5F3199123C400B6087F /* Project object */;
}
